
Microsoft Visual Studio Solution File, Format Version 12.00
# Visual Studio Version 17
VisualStudioVersion = 17.3.32825.248
MinimumVisualStudioVersion = 10.0.40219.1
Project("{FAE04EC0-301F-11D3-BF4B-00C04F79EFBC}") = "Classes.cs", "SOLIDCsharp\Classes.cs.csproj", "{70D8816C-1BD1-4C88-B395-5F9185808ED2}"
EndProject
Project("{FAE04EC0-301F-11D3-BF4B-00C04F79EFBC}") = "Assembly", "Assembly\Assembly.csproj", "{10445665-C8E3-4B12-8F6B-07C7A70297E1}"
EndProject
Project("{FAE04EC0-301F-11D3-BF4B-00C04F79EFBC}") = "Assembly2", "Assembly2\Assembly2.csproj", "{D63104D8-2739-49D6-8C40-B1D3462DF498}"
EndProject
Project("{FAE04EC0-301F-11D3-BF4B-00C04F79EFBC}") = "Aula_Propriedades", "Aula_Propriedades\Aula_Propriedades.csproj", "{C2EB15E7-4374-4127-B4F7-DC57598EFF9E}"
EndProject
Project("{FAE04EC0-301F-11D3-BF4B-00C04F79EFBC}") = "ModeloDominio", "ModeloDominio\ModeloDominio.csproj", "{5BF46FAD-4598-4945-8CAD-AB9E58BE8A6E}"
EndProject
Project("{FAE04EC0-301F-11D3-BF4B-00C04F79EFBC}") = "MetodosSobrecarga", "MetodosSobrecarga\MetodosSobrecarga.csproj", "{32ED8296-2602-40E7-9952-C00B37609E12}"
EndProject
Project("{FAE04EC0-301F-11D3-BF4B-00C04F79EFBC}") = "ParametrosOpcionais", "ParametrosOpcionais\ParametrosOpcionais.csproj", "{1B05E70A-89CC-4C57-8080-44C01610D1E6}"
EndProject
Project("{FAE04EC0-301F-11D3-BF4B-00C04F79EFBC}") = "ArgumentosNomeados", "ArgumentosNomeados\ArgumentosNomeados.csproj", "{06002775-EE4C-49AE-9436-88EC47C679EA}"
EndProject
Project("{FAE04EC0-301F-11D3-BF4B-00C04F79EFBC}") = "MetodosEstaticos", "MetodosEstaticos\MetodosEstaticos.csproj", "{1764FD46-AAD6-49B4-8896-ABACCD0580D3}"
EndProject
Project("{FAE04EC0-301F-11D3-BF4B-00C04F79EFBC}") = "MetodosExtensao", "MetodosExtensao\MetodosExtensao.csproj", "{FC5133A2-C6D0-4EDC-84AA-E3C10EDF139C}"
EndProject
Project("{FAE04EC0-301F-11D3-BF4B-00C04F79EFBC}") = "ModeloAnemico", "ModeloAnemico\ModeloAnemico.csproj", "{CFBDC6AF-B0E8-4EBE-990E-FD72B9F4DBC7}"
EndProject
Project("{FAE04EC0-301F-11D3-BF4B-00C04F79EFBC}") = "AulaHeranca", "AulaHeranca\AulaHeranca.csproj", "{D65576E1-A97D-4CC1-92F4-9440F192B3FB}"
EndProject
Project("{FAE04EC0-301F-11D3-BF4B-00C04F79EFBC}") = "HerancaConstrutor", "HerancaConstrutor\HerancaConstrutor.csproj", "{456D2BCC-8952-4297-AF50-D07626C7EC4E}"
EndProject
Project("{FAE04EC0-301F-11D3-BF4B-00C04F79EFBC}") = "UpCastingDownCastingHeranca", "UpCastingDownCastingHeranca\UpCastingDownCastingHeranca.csproj", "{063D2032-7960-4F51-B7C5-AE7C48C4155F}"
EndProject
Project("{FAE04EC0-301F-11D3-BF4B-00C04F79EFBC}") = "DiagramaClasses", "DiagramaClasses\DiagramaClasses.csproj", "{098B7295-3FC5-43FC-B7D0-0F52241F4CF1}"
EndProject
Project("{FAE04EC0-301F-11D3-BF4B-00C04F79EFBC}") = "UMLRelacionamentoHeranca", "RelacionamentoHerancaUML\UMLRelacionamentoHeranca.csproj", "{55DF7768-6413-4583-B4DC-2E000D76F5A4}"
EndProject
Project("{FAE04EC0-301F-11D3-BF4B-00C04F79EFBC}") = "UMLComposicao", "ComposicaoUML\UMLComposicao.csproj", "{235020B9-855A-4DFC-A783-6F0C6920FC6E}"
EndProject
Project("{FAE04EC0-301F-11D3-BF4B-00C04F79EFBC}") = "UMLAgregacao", "Agregacao\UMLAgregacao.csproj", "{C5C57536-0A74-4501-8403-F4252AD07F89}"
EndProject
Project("{FAE04EC0-301F-11D3-BF4B-00C04F79EFBC}") = "ClasseAbstrata", "ClasseAbstrata\ClasseAbstrata.csproj", "{A32B360B-1CED-4C06-87CA-4CF9BC9335D2}"
EndProject
Project("{FAE04EC0-301F-11D3-BF4B-00C04F79EFBC}") = "ModificadorSealed", "ModificadorSealed\ModificadorSealed.csproj", "{AAEC838D-99BF-4FA4-862B-B916C77813B8}"
EndProject
Project("{FAE04EC0-301F-11D3-BF4B-00C04F79EFBC}") = "Interfaces", "Interfaces\Interfaces.csproj", "{87999723-5123-49F7-9103-41E9CD0B5707}"
EndProject
Project("{FAE04EC0-301F-11D3-BF4B-00C04F79EFBC}") = "InterfaceDesacoplaento", "InterfaceDesacoplaento\InterfaceDesacoplaento.csproj", "{98FDDE90-203C-433C-9547-7DEAD214D722}"
EndProject
Project("{FAE04EC0-301F-11D3-BF4B-00C04F79EFBC}") = "ClassesAbstratas_Interfaces", "ClassesAbstratas_Interfaces\ClassesAbstratas_Interfaces.csproj", "{ED3FB0BB-1DBC-413B-AFE0-26BC46FFE7FA}"
EndProject
Global
	GlobalSection(SolutionConfigurationPlatforms) = preSolution
		Debug|Any CPU = Debug|Any CPU
		Release|Any CPU = Release|Any CPU
	EndGlobalSection
	GlobalSection(ProjectConfigurationPlatforms) = postSolution
		{70D8816C-1BD1-4C88-B395-5F9185808ED2}.Debug|Any CPU.ActiveCfg = Debug|Any CPU
		{70D8816C-1BD1-4C88-B395-5F9185808ED2}.Debug|Any CPU.Build.0 = Debug|Any CPU
		{70D8816C-1BD1-4C88-B395-5F9185808ED2}.Release|Any CPU.ActiveCfg = Release|Any CPU
		{70D8816C-1BD1-4C88-B395-5F9185808ED2}.Release|Any CPU.Build.0 = Release|Any CPU
		{10445665-C8E3-4B12-8F6B-07C7A70297E1}.Debug|Any CPU.ActiveCfg = Debug|Any CPU
		{10445665-C8E3-4B12-8F6B-07C7A70297E1}.Debug|Any CPU.Build.0 = Debug|Any CPU
		{10445665-C8E3-4B12-8F6B-07C7A70297E1}.Release|Any CPU.ActiveCfg = Release|Any CPU
		{10445665-C8E3-4B12-8F6B-07C7A70297E1}.Release|Any CPU.Build.0 = Release|Any CPU
		{D63104D8-2739-49D6-8C40-B1D3462DF498}.Debug|Any CPU.ActiveCfg = Debug|Any CPU
		{D63104D8-2739-49D6-8C40-B1D3462DF498}.Debug|Any CPU.Build.0 = Debug|Any CPU
		{D63104D8-2739-49D6-8C40-B1D3462DF498}.Release|Any CPU.ActiveCfg = Release|Any CPU
		{D63104D8-2739-49D6-8C40-B1D3462DF498}.Release|Any CPU.Build.0 = Release|Any CPU
		{C2EB15E7-4374-4127-B4F7-DC57598EFF9E}.Debug|Any CPU.ActiveCfg = Debug|Any CPU
		{C2EB15E7-4374-4127-B4F7-DC57598EFF9E}.Debug|Any CPU.Build.0 = Debug|Any CPU
		{C2EB15E7-4374-4127-B4F7-DC57598EFF9E}.Release|Any CPU.ActiveCfg = Release|Any CPU
		{C2EB15E7-4374-4127-B4F7-DC57598EFF9E}.Release|Any CPU.Build.0 = Release|Any CPU
		{5BF46FAD-4598-4945-8CAD-AB9E58BE8A6E}.Debug|Any CPU.ActiveCfg = Debug|Any CPU
		{5BF46FAD-4598-4945-8CAD-AB9E58BE8A6E}.Debug|Any CPU.Build.0 = Debug|Any CPU
		{5BF46FAD-4598-4945-8CAD-AB9E58BE8A6E}.Release|Any CPU.ActiveCfg = Release|Any CPU
		{5BF46FAD-4598-4945-8CAD-AB9E58BE8A6E}.Release|Any CPU.Build.0 = Release|Any CPU
		{32ED8296-2602-40E7-9952-C00B37609E12}.Debug|Any CPU.ActiveCfg = Debug|Any CPU
		{32ED8296-2602-40E7-9952-C00B37609E12}.Debug|Any CPU.Build.0 = Debug|Any CPU
		{32ED8296-2602-40E7-9952-C00B37609E12}.Release|Any CPU.ActiveCfg = Release|Any CPU
		{32ED8296-2602-40E7-9952-C00B37609E12}.Release|Any CPU.Build.0 = Release|Any CPU
		{1B05E70A-89CC-4C57-8080-44C01610D1E6}.Debug|Any CPU.ActiveCfg = Debug|Any CPU
		{1B05E70A-89CC-4C57-8080-44C01610D1E6}.Debug|Any CPU.Build.0 = Debug|Any CPU
		{1B05E70A-89CC-4C57-8080-44C01610D1E6}.Release|Any CPU.ActiveCfg = Release|Any CPU
		{1B05E70A-89CC-4C57-8080-44C01610D1E6}.Release|Any CPU.Build.0 = Release|Any CPU
		{06002775-EE4C-49AE-9436-88EC47C679EA}.Debug|Any CPU.ActiveCfg = Debug|Any CPU
		{06002775-EE4C-49AE-9436-88EC47C679EA}.Debug|Any CPU.Build.0 = Debug|Any CPU
		{06002775-EE4C-49AE-9436-88EC47C679EA}.Release|Any CPU.ActiveCfg = Release|Any CPU
		{06002775-EE4C-49AE-9436-88EC47C679EA}.Release|Any CPU.Build.0 = Release|Any CPU
		{1764FD46-AAD6-49B4-8896-ABACCD0580D3}.Debug|Any CPU.ActiveCfg = Debug|Any CPU
		{1764FD46-AAD6-49B4-8896-ABACCD0580D3}.Debug|Any CPU.Build.0 = Debug|Any CPU
		{1764FD46-AAD6-49B4-8896-ABACCD0580D3}.Release|Any CPU.ActiveCfg = Release|Any CPU
		{1764FD46-AAD6-49B4-8896-ABACCD0580D3}.Release|Any CPU.Build.0 = Release|Any CPU
		{FC5133A2-C6D0-4EDC-84AA-E3C10EDF139C}.Debug|Any CPU.ActiveCfg = Debug|Any CPU
		{FC5133A2-C6D0-4EDC-84AA-E3C10EDF139C}.Debug|Any CPU.Build.0 = Debug|Any CPU
		{FC5133A2-C6D0-4EDC-84AA-E3C10EDF139C}.Release|Any CPU.ActiveCfg = Release|Any CPU
		{FC5133A2-C6D0-4EDC-84AA-E3C10EDF139C}.Release|Any CPU.Build.0 = Release|Any CPU
		{CFBDC6AF-B0E8-4EBE-990E-FD72B9F4DBC7}.Debug|Any CPU.ActiveCfg = Debug|Any CPU
		{CFBDC6AF-B0E8-4EBE-990E-FD72B9F4DBC7}.Debug|Any CPU.Build.0 = Debug|Any CPU
		{CFBDC6AF-B0E8-4EBE-990E-FD72B9F4DBC7}.Release|Any CPU.ActiveCfg = Release|Any CPU
		{CFBDC6AF-B0E8-4EBE-990E-FD72B9F4DBC7}.Release|Any CPU.Build.0 = Release|Any CPU
		{D65576E1-A97D-4CC1-92F4-9440F192B3FB}.Debug|Any CPU.ActiveCfg = Debug|Any CPU
		{D65576E1-A97D-4CC1-92F4-9440F192B3FB}.Debug|Any CPU.Build.0 = Debug|Any CPU
		{D65576E1-A97D-4CC1-92F4-9440F192B3FB}.Release|Any CPU.ActiveCfg = Release|Any CPU
		{D65576E1-A97D-4CC1-92F4-9440F192B3FB}.Release|Any CPU.Build.0 = Release|Any CPU
		{456D2BCC-8952-4297-AF50-D07626C7EC4E}.Debug|Any CPU.ActiveCfg = Debug|Any CPU
		{456D2BCC-8952-4297-AF50-D07626C7EC4E}.Debug|Any CPU.Build.0 = Debug|Any CPU
		{456D2BCC-8952-4297-AF50-D07626C7EC4E}.Release|Any CPU.ActiveCfg = Release|Any CPU
		{456D2BCC-8952-4297-AF50-D07626C7EC4E}.Release|Any CPU.Build.0 = Release|Any CPU
		{063D2032-7960-4F51-B7C5-AE7C48C4155F}.Debug|Any CPU.ActiveCfg = Debug|Any CPU
		{063D2032-7960-4F51-B7C5-AE7C48C4155F}.Debug|Any CPU.Build.0 = Debug|Any CPU
		{063D2032-7960-4F51-B7C5-AE7C48C4155F}.Release|Any CPU.ActiveCfg = Release|Any CPU
		{063D2032-7960-4F51-B7C5-AE7C48C4155F}.Release|Any CPU.Build.0 = Release|Any CPU
		{098B7295-3FC5-43FC-B7D0-0F52241F4CF1}.Debug|Any CPU.ActiveCfg = Debug|Any CPU
		{098B7295-3FC5-43FC-B7D0-0F52241F4CF1}.Debug|Any CPU.Build.0 = Debug|Any CPU
		{098B7295-3FC5-43FC-B7D0-0F52241F4CF1}.Release|Any CPU.ActiveCfg = Release|Any CPU
		{098B7295-3FC5-43FC-B7D0-0F52241F4CF1}.Release|Any CPU.Build.0 = Release|Any CPU
		{55DF7768-6413-4583-B4DC-2E000D76F5A4}.Debug|Any CPU.ActiveCfg = Debug|Any CPU
		{55DF7768-6413-4583-B4DC-2E000D76F5A4}.Debug|Any CPU.Build.0 = Debug|Any CPU
		{55DF7768-6413-4583-B4DC-2E000D76F5A4}.Release|Any CPU.ActiveCfg = Release|Any CPU
		{55DF7768-6413-4583-B4DC-2E000D76F5A4}.Release|Any CPU.Build.0 = Release|Any CPU
		{235020B9-855A-4DFC-A783-6F0C6920FC6E}.Debug|Any CPU.ActiveCfg = Debug|Any CPU
		{235020B9-855A-4DFC-A783-6F0C6920FC6E}.Debug|Any CPU.Build.0 = Debug|Any CPU
		{235020B9-855A-4DFC-A783-6F0C6920FC6E}.Release|Any CPU.ActiveCfg = Release|Any CPU
		{235020B9-855A-4DFC-A783-6F0C6920FC6E}.Release|Any CPU.Build.0 = Release|Any CPU
		{C5C57536-0A74-4501-8403-F4252AD07F89}.Debug|Any CPU.ActiveCfg = Debug|Any CPU
		{C5C57536-0A74-4501-8403-F4252AD07F89}.Debug|Any CPU.Build.0 = Debug|Any CPU
		{C5C57536-0A74-4501-8403-F4252AD07F89}.Release|Any CPU.ActiveCfg = Release|Any CPU
		{C5C57536-0A74-4501-8403-F4252AD07F89}.Release|Any CPU.Build.0 = Release|Any CPU
		{A32B360B-1CED-4C06-87CA-4CF9BC9335D2}.Debug|Any CPU.ActiveCfg = Debug|Any CPU
		{A32B360B-1CED-4C06-87CA-4CF9BC9335D2}.Debug|Any CPU.Build.0 = Debug|Any CPU
		{A32B360B-1CED-4C06-87CA-4CF9BC9335D2}.Release|Any CPU.ActiveCfg = Release|Any CPU
		{A32B360B-1CED-4C06-87CA-4CF9BC9335D2}.Release|Any CPU.Build.0 = Release|Any CPU
		{AAEC838D-99BF-4FA4-862B-B916C77813B8}.Debug|Any CPU.ActiveCfg = Debug|Any CPU
		{AAEC838D-99BF-4FA4-862B-B916C77813B8}.Debug|Any CPU.Build.0 = Debug|Any CPU
		{AAEC838D-99BF-4FA4-862B-B916C77813B8}.Release|Any CPU.ActiveCfg = Release|Any CPU
		{AAEC838D-99BF-4FA4-862B-B916C77813B8}.Release|Any CPU.Build.0 = Release|Any CPU
		{87999723-5123-49F7-9103-41E9CD0B5707}.Debug|Any CPU.ActiveCfg = Debug|Any CPU
		{87999723-5123-49F7-9103-41E9CD0B5707}.Debug|Any CPU.Build.0 = Debug|Any CPU
		{87999723-5123-49F7-9103-41E9CD0B5707}.Release|Any CPU.ActiveCfg = Release|Any CPU
		{87999723-5123-49F7-9103-41E9CD0B5707}.Release|Any CPU.Build.0 = Release|Any CPU
		{98FDDE90-203C-433C-9547-7DEAD214D722}.Debug|Any CPU.ActiveCfg = Debug|Any CPU
		{98FDDE90-203C-433C-9547-7DEAD214D722}.Debug|Any CPU.Build.0 = Debug|Any CPU
		{98FDDE90-203C-433C-9547-7DEAD214D722}.Release|Any CPU.ActiveCfg = Release|Any CPU
		{98FDDE90-203C-433C-9547-7DEAD214D722}.Release|Any CPU.Build.0 = Release|Any CPU
		{ED3FB0BB-1DBC-413B-AFE0-26BC46FFE7FA}.Debug|Any CPU.ActiveCfg = Debug|Any CPU
		{ED3FB0BB-1DBC-413B-AFE0-26BC46FFE7FA}.Debug|Any CPU.Build.0 = Debug|Any CPU
		{ED3FB0BB-1DBC-413B-AFE0-26BC46FFE7FA}.Release|Any CPU.ActiveCfg = Release|Any CPU
		{ED3FB0BB-1DBC-413B-AFE0-26BC46FFE7FA}.Release|Any CPU.Build.0 = Release|Any CPU
	EndGlobalSection
	GlobalSection(SolutionProperties) = preSolution
		HideSolutionNode = FALSE
	EndGlobalSection
	GlobalSection(ExtensibilityGlobals) = postSolution
		SolutionGuid = {318A8452-DC9D-4DF6-B735-16A5615652B5}
	EndGlobalSection
EndGlobal
